// !$*UTF8*$!
{
	archiveVersion = 1;
	classes = {
	};
	objectVersion = 46;
	objects = {

/* Begin PBXBuildFile section */
		4B11E7B61AA018D100696825 /* Person.swift in Sources */ = {isa = PBXBuildFile; fileRef = 4B11E7B51AA018D100696825 /* Person.swift */; };
		4B3C80931A96E94900977FB2 /* AppDelegate.swift in Sources */ = {isa = PBXBuildFile; fileRef = 4B3C80921A96E94900977FB2 /* AppDelegate.swift */; };
		4B3C80951A96E94900977FB2 /* ViewController.swift in Sources */ = {isa = PBXBuildFile; fileRef = 4B3C80941A96E94900977FB2 /* ViewController.swift */; };
		4B3C80981A96E94900977FB2 /* Main.storyboard in Resources */ = {isa = PBXBuildFile; fileRef = 4B3C80961A96E94900977FB2 /* Main.storyboard */; };
		4B3C809A1A96E94900977FB2 /* Images.xcassets in Resources */ = {isa = PBXBuildFile; fileRef = 4B3C80991A96E94900977FB2 /* Images.xcassets */; };
		4B3C809D1A96E94900977FB2 /* LaunchScreen.xib in Resources */ = {isa = PBXBuildFile; fileRef = 4B3C809B1A96E94900977FB2 /* LaunchScreen.xib */; };
		4B3C80A91A96E94900977FB2 /* ClassRosterTests.swift in Sources */ = {isa = PBXBuildFile; fileRef = 4B3C80A81A96E94900977FB2 /* ClassRosterTests.swift */; };
		4BACB51A1AA0319400C7BEAB /* PersonDetailViewController.swift in Sources */ = {isa = PBXBuildFile; fileRef = 4BACB5191AA0319400C7BEAB /* PersonDetailViewController.swift */; };
/* End PBXBuildFile section */

/* Begin PBXContainerItemProxy section */
		4B3C80A31A96E94900977FB2 /* PBXContainerItemProxy */ = {
			isa = PBXContainerItemProxy;
			containerPortal = 4B3C80851A96E94900977FB2 /* Project object */;
			proxyType = 1;
			remoteGlobalIDString = 4B3C808C1A96E94900977FB2;
			remoteInfo = ClassRoster;
		};
/* End PBXContainerItemProxy section */

/* Begin PBXFileReference section */
		4B11E7B51AA018D100696825 /* Person.swift */ = {isa = PBXFileReference; fileEncoding = 4; lastKnownFileType = sourcecode.swift; name = Person.swift; path = ../Person.swift; sourceTree = "<group>"; };
		4B3C808D1A96E94900977FB2 /* ClassRoster.app */ = {isa = PBXFileReference; explicitFileType = wrapper.application; includeInIndex = 0; path = ClassRoster.app; sourceTree = BUILT_PRODUCTS_DIR; };
		4B3C80911A96E94900977FB2 /* Info.plist */ = {isa = PBXFileReference; lastKnownFileType = text.plist.xml; path = Info.plist; sourceTree = "<group>"; };
		4B3C80921A96E94900977FB2 /* AppDelegate.swift */ = {isa = PBXFileReference; lastKnownFileType = sourcecode.swift; path = AppDelegate.swift; sourceTree = "<group>"; };
		4B3C80941A96E94900977FB2 /* ViewController.swift */ = {isa = PBXFileReference; lastKnownFileType = sourcecode.swift; path = ViewController.swift; sourceTree = "<group>"; };
		4B3C80971A96E94900977FB2 /* Base */ = {isa = PBXFileReference; lastKnownFileType = file.storyboard; name = Base; path = Base.lproj/Main.storyboard; sourceTree = "<group>"; };
		4B3C80991A96E94900977FB2 /* Images.xcassets */ = {isa = PBXFileReference; lastKnownFileType = folder.assetcatalog; path = Images.xcassets; sourceTree = "<group>"; };
		4B3C809C1A96E94900977FB2 /* Base */ = {isa = PBXFileReference; lastKnownFileType = file.xib; name = Base; path = Base.lproj/LaunchScreen.xib; sourceTree = "<group>"; };
		4B3C80A21A96E94900977FB2 /* ClassRosterTests.xctest */ = {isa = PBXFileReference; explicitFileType = wrapper.cfbundle; includeInIndex = 0; path = ClassRosterTests.xctest; sourceTree = BUILT_PRODUCTS_DIR; };
		4B3C80A71A96E94900977FB2 /* Info.plist */ = {isa = PBXFileReference; lastKnownFileType = text.plist.xml; path = Info.plist; sourceTree = "<group>"; };
		4B3C80A81A96E94900977FB2 /* ClassRosterTests.swift */ = {isa = PBXFileReference; lastKnownFileType = sourcecode.swift; path = ClassRosterTests.swift; sourceTree = "<group>"; };
		4BACB5191AA0319400C7BEAB /* PersonDetailViewController.swift */ = {isa = PBXFileReference; fileEncoding = 4; lastKnownFileType = sourcecode.swift; path = PersonDetailViewController.swift; sourceTree = "<group>"; };
/* End PBXFileReference section */

/* Begin PBXFrameworksBuildPhase section */
		4B3C808A1A96E94900977FB2 /* Frameworks */ = {
			isa = PBXFrameworksBuildPhase;
			buildActionMask = 2147483647;
			files = (
			);
			runOnlyForDeploymentPostprocessing = 0;
		};
		4B3C809F1A96E94900977FB2 /* Frameworks */ = {
			isa = PBXFrameworksBuildPhase;
			buildActionMask = 2147483647;
			files = (
			);
			runOnlyForDeploymentPostprocessing = 0;
		};
/* End PBXFrameworksBuildPhase section */

/* Begin PBXGroup section */
		4B3C80841A96E94900977FB2 = {
			isa = PBXGroup;
			children = (
				4B3C808F1A96E94900977FB2 /* ClassRoster */,
				4B3C80A51A96E94900977FB2 /* ClassRosterTests */,
				4B3C808E1A96E94900977FB2 /* Products */,
			);
			sourceTree = "<group>";
		};
		4B3C808E1A96E94900977FB2 /* Products */ = {
			isa = PBXGroup;
			children = (
				4B3C808D1A96E94900977FB2 /* ClassRoster.app */,
				4B3C80A21A96E94900977FB2 /* ClassRosterTests.xctest */,
			);
			name = Products;
			sourceTree = "<group>";
		};
		4B3C808F1A96E94900977FB2 /* ClassRoster */ = {
			isa = PBXGroup;
			children = (
				4B3C80921A96E94900977FB2 /* AppDelegate.swift */,
				4B3C80991A96E94900977FB2 /* Images.xcassets */,
				4B3C809B1A96E94900977FB2 /* LaunchScreen.xib */,
				4B3C80B41A96E9D300977FB2 /* Model */,
				4B3C80B51A96E9ED00977FB2 /* View */,
				4B3C80B21A96E97500977FB2 /* Controller */,
				4B3C80901A96E94900977FB2 /* Supporting Files */,
			);
			path = ClassRoster;
			sourceTree = "<group>";
		};
		4B3C80901A96E94900977FB2 /* Supporting Files */ = {
			isa = PBXGroup;
			children = (
				4B3C80911A96E94900977FB2 /* Info.plist */,
			);
			name = "Supporting Files";
			sourceTree = "<group>";
		};
		4B3C80A51A96E94900977FB2 /* ClassRosterTests */ = {
			isa = PBXGroup;
			children = (
				4B3C80A81A96E94900977FB2 /* ClassRosterTests.swift */,
				4B3C80A61A96E94900977FB2 /* Supporting Files */,
			);
			path = ClassRosterTests;
			sourceTree = "<group>";
		};
		4B3C80A61A96E94900977FB2 /* Supporting Files */ = {
			isa = PBXGroup;
			children = (
				4B3C80A71A96E94900977FB2 /* Info.plist */,
			);
			name = "Supporting Files";
			sourceTree = "<group>";
		};
		4B3C80B21A96E97500977FB2 /* Controller */ = {
			isa = PBXGroup;
			children = (
				4BACB5191AA0319400C7BEAB /* PersonDetailViewController.swift */,
				4B3C80941A96E94900977FB2 /* ViewController.swift */,
			);
			name = Controller;
			sourceTree = "<group>";
		};
		4B3C80B41A96E9D300977FB2 /* Model */ = {
			isa = PBXGroup;
			children = (
				4B11E7B51AA018D100696825 /* Person.swift */,
			);
			name = Model;
			sourceTree = "<group>";
		};
		4B3C80B51A96E9ED00977FB2 /* View */ = {
			isa = PBXGroup;
			children = (
				4B3C80961A96E94900977FB2 /* Main.storyboard */,
			);
			name = View;
			sourceTree = "<group>";
		};
/* End PBXGroup section */

/* Begin PBXNativeTarget section */
		4B3C808C1A96E94900977FB2 /* ClassRoster */ = {
			isa = PBXNativeTarget;
			buildConfigurationList = 4B3C80AC1A96E94900977FB2 /* Build configuration list for PBXNativeTarget "ClassRoster" */;
			buildPhases = (
				4B3C80891A96E94900977FB2 /* Sources */,
				4B3C808A1A96E94900977FB2 /* Frameworks */,
				4B3C808B1A96E94900977FB2 /* Resources */,
			);
			buildRules = (
			);
			dependencies = (
			);
			name = ClassRoster;
			productName = ClassRoster;
			productReference = 4B3C808D1A96E94900977FB2 /* ClassRoster.app */;
			productType = "com.apple.product-type.application";
		};
		4B3C80A11A96E94900977FB2 /* ClassRosterTests */ = {
			isa = PBXNativeTarget;
			buildConfigurationList = 4B3C80AF1A96E94900977FB2 /* Build configuration list for PBXNativeTarget "ClassRosterTests" */;
			buildPhases = (
				4B3C809E1A96E94900977FB2 /* Sources */,
				4B3C809F1A96E94900977FB2 /* Frameworks */,
				4B3C80A01A96E94900977FB2 /* Resources */,
			);
			buildRules = (
			);
			dependencies = (
				4B3C80A41A96E94900977FB2 /* PBXTargetDependency */,
			);
			name = ClassRosterTests;
			productName = ClassRosterTests;
			productReference = 4B3C80A21A96E94900977FB2 /* ClassRosterTests.xctest */;
			productType = "com.apple.product-type.bundle.unit-test";
		};
/* End PBXNativeTarget section */

/* Begin PBXProject section */
		4B3C80851A96E94900977FB2 /* Project object */ = {
			isa = PBXProject;
			attributes = {
				LastUpgradeCheck = 0610;
				ORGANIZATIONNAME = RVCF;
				TargetAttributes = {
					4B3C808C1A96E94900977FB2 = {
						CreatedOnToolsVersion = 6.1.1;
					};
					4B3C80A11A96E94900977FB2 = {
						CreatedOnToolsVersion = 6.1.1;
						TestTargetID = 4B3C808C1A96E94900977FB2;
					};
				};
			};
			buildConfigurationList = 4B3C80881A96E94900977FB2 /* Build configuration list for PBXProject "ClassRoster" */;
			compatibilityVersion = "Xcode 3.2";
			developmentRegion = English;
			hasScannedForEncodings = 0;
			knownRegions = (
				en,
				Base,
			);
			mainGroup = 4B3C80841A96E94900977FB2;
			productRefGroup = 4B3C808E1A96E94900977FB2 /* Products */;
			projectDirPath = "";
			projectRoot = "";
			targets = (
				4B3C808C1A96E94900977FB2 /* ClassRoster */,
				4B3C80A11A96E94900977FB2 /* ClassRosterTests */,
			);
		};
/* End PBXProject section */

/* Begin PBXResourcesBuildPhase section */
		4B3C808B1A96E94900977FB2 /* Resources */ = {
			isa = PBXResourcesBuildPhase;
			buildActionMask = 2147483647;
			files = (
				4B3C80981A96E94900977FB2 /* Main.storyboard in Resources */,
				4B3C809D1A96E94900977FB2 /* LaunchScreen.xib in Resources */,
				4B3C809A1A96E94900977FB2 /* Images.xcassets in Resources */,
			);
			runOnlyForDeploymentPostprocessing = 0;
		};
		4B3C80A01A96E94900977FB2 /* Resources */ = {
			isa = PBXResourcesBuildPhase;
			buildActionMask = 2147483647;
			files = (
			);
			runOnlyForDeploymentPostprocessing = 0;
		};
/* End PBXResourcesBuildPhase section */

/* Begin PBXSourcesBuildPhase section */
		4B3C80891A96E94900977FB2 /* Sources */ = {
			isa = PBXSourcesBuildPhase;
			buildActionMask = 2147483647;
			files = (
				4BACB51A1AA0319400C7BEAB /* PersonDetailViewController.swift in Sources */,
				4B11E7B61AA018D100696825 /* Person.swift in Sources */,
				4B3C80951A96E94900977FB2 /* ViewController.swift in Sources */,
				4B3C80931A96E94900977FB2 /* AppDelegate.swift in Sources */,
			);
			runOnlyForDeploymentPostprocessing = 0;
		};
		4B3C809E1A96E94900977FB2 /* Sources */ = {
			isa = PBXSourcesBuildPhase;
			buildActionMask = 2147483647;
			files = (
				4B3C80A91A96E94900977FB2 /* ClassRosterTests.swift in Sources */,
			);
			runOnlyForDeploymentPostprocessing = 0;
		};
/* End PBXSourcesBuildPhase section */

/* Begin PBXTargetDependency section */
		4B3C80A41A96E94900977FB2 /* PBXTargetDependency */ = {
			isa = PBXTargetDependency;
			target = 4B3C808C1A96E94900977FB2 /* ClassRoster */;
			targetProxy = 4B3C80A31A96E94900977FB2 /* PBXContainerItemProxy */;
		};
/* End PBXTargetDependency section */

/* Begin PBXVariantGroup section */
		4B3C80961A96E94900977FB2 /* Main.storyboard */ = {
			isa = PBXVariantGroup;
			children = (
				4B3C80971A96E94900977FB2 /* Base */,
			);
			name = Main.storyboard;
			sourceTree = "<group>";
		};
		4B3C809B1A96E94900977FB2 /* LaunchScreen.xib */ = {
			isa = PBXVariantGroup;
			children = (
				4B3C809C1A96E94900977FB2 /* Base */,
			);
			name = LaunchScreen.xib;
			sourceTree = "<group>";
		};
/* End PBXVariantGroup section */

/* Begin XCBuildConfiguration section */
		4B3C80AA1A96E94900977FB2 /* Debug */ = {
			isa = XCBuildConfiguration;
			buildSettings = {
				ALWAYS_SEARCH_USER_PATHS = NO;
				CLANG_CXX_LANGUAGE_STANDARD = "gnu++0x";
				CLANG_CXX_LIBRARY = "libc++";
				CLANG_ENABLE_MODULES = YES;
				CLANG_ENABLE_OBJC_ARC = YES;
				CLANG_WARN_BOOL_CONVERSION = YES;
				CLANG_WARN_CONSTANT_CONVERSION = YES;
				CLANG_WARN_DIRECT_OBJC_ISA_USAGE = YES_ERROR;
				CLANG_WARN_EMPTY_BODY = YES;
				CLANG_WARN_ENUM_CONVERSION = YES;
				CLANG_WARN_INT_CONVERSION = YES;
				CLANG_WARN_OBJC_ROOT_CLASS = YES_ERROR;
				CLANG_WARN_UNREACHABLE_CODE = YES;
				CLANG_WARN__DUPLICATE_METHOD_MATCH = YES;
				"CODE_SIGN_IDENTITY[sdk=iphoneos*]" = "iPhone Developer";
				COPY_PHASE_STRIP = NO;
				ENABLE_STRICT_OBJC_MSGSEND = YES;
				GCC_C_LANGUAGE_STANDARD = gnu99;
				GCC_DYNAMIC_NO_PIC = NO;
				GCC_OPTIMIZATION_LEVEL = 0;
				GCC_PREPROCESSOR_DEFINITIONS = (
					"DEBUG=1",
					"$(inherited)",
				);
				GCC_SYMBOLS_PRIVATE_EXTERN = NO;
				GCC_WARN_64_TO_32_BIT_CONVERSION = YES;
				GCC_WARN_ABOUT_RETURN_TYPE = YES_ERROR;
				GCC_WARN_UNDECLARED_SELECTOR = YES;
				GCC_WARN_UNINITIALIZED_AUTOS = YES_AGGRESSIVE;
				GCC_WARN_UNUSED_FUNCTION = YES;
				GCC_WARN_UNUSED_VARIABLE = YES;
				IPHONEOS_DEPLOYMENT_TARGET = 8.1;
				MTL_ENABLE_DEBUG_INFO = YES;
				ONLY_ACTIVE_ARCH = YES;
				SDKROOT = iphoneos;
				SWIFT_OPTIMIZATION_LEVEL = "-Onone";
			};
			name = Debug;
		};
		4B3C80AB1A96E94900977FB2 /* Release */ = {
			isa = XCBuildConfiguration;
			buildSettings = {
				ALWAYS_SEARCH_USER_PATHS = NO;
				CLANG_CXX_LANGUAGE_STANDARD = "gnu++0x";
				CLANG_CXX_LIBRARY = "libc++";
				CLANG_ENABLE_MODULES = YES;
				CLANG_ENABLE_OBJC_ARC = YES;
				CLANG_WARN_BOOL_CONVERSION = YES;
				CLANG_WARN_CONSTANT_CONVERSION = YES;
				CLANG_WARN_DIRECT_OBJC_ISA_USAGE = YES_ERROR;
				CLANG_WARN_EMPTY_BODY = YES;
				CLANG_WARN_ENUM_CONVERSION = YES;
				CLANG_WARN_INT_CONVERSION = YES;
				CLANG_WARN_OBJC_ROOT_CLASS = YES_ERROR;
				CLANG_WARN_UNREACHABLE_CODE = YES;
				CLANG_WARN__DUPLICATE_METHOD_MATCH = YES;
				"CODE_SIGN_IDENTITY[sdk=iphoneos*]" = "iPhone Developer";
				COPY_PHASE_STRIP = YES;
				ENABLE_NS_ASSERTIONS = NO;
				ENABLE_STRICT_OBJC_MSGSEND = YES;
				GCC_C_LANGUAGE_STANDARD = gnu99;
				GCC_WARN_64_TO_32_BIT_CONVERSION = YES;
				GCC_WARN_ABOUT_RETURN_TYPE = YES_ERROR;
				GCC_WARN_UNDECLARED_SELECTOR = YES;
				GCC_WARN_UNINITIALIZED_AUTOS = YES_AGGRESSIVE;
				GCC_WARN_UNUSED_FUNCTION = YES;
				GCC_WARN_UNUSED_VARIABLE = YES;
				IPHONEOS_DEPLOYMENT_TARGET = 8.1;
				MTL_ENABLE_DEBUG_INFO = NO;
				SDKROOT = iphoneos;
				VALIDATE_PRODUCT = YES;
			};
			name = Release;
		};
		4B3C80AD1A96E94900977FB2 /* Debug */ = {
			isa = XCBuildConfiguration;
			buildSettings = {
				ASSETCATALOG_COMPILER_APPICON_NAME = AppIcon;
				INFOPLIST_FILE = ClassRoster/Info.plist;
				LD_RUNPATH_SEARCH_PATHS = "$(inherited) @executable_path/Frameworks";
				PRODUCT_NAME = "$(TARGET_NAME)";
			};
			name = Debug;
		};
		4B3C80AE1A96E94900977FB2 /* Release */ = {
			isa = XCBuildConfiguration;
			buildSettings = {
				ASSETCATALOG_COMPILER_APPICON_NAME = AppIcon;
				INFOPLIST_FILE = ClassRoster/Info.plist;
				LD_RUNPATH_SEARCH_PATHS = "$(inherited) @executable_path/Frameworks";
				PRODUCT_NAME = "$(TARGET_NAME)";
			};
			name = Release;
		};
		4B3C80B01A96E94900977FB2 /* Debug */ = {
			isa = XCBuildConfiguration;
			buildSettings = {
				BUNDLE_LOADER = "$(TEST_HOST)";
				FRAMEWORK_SEARCH_PATHS = (
					"$(SDKROOT)/Developer/Library/Frameworks",
					"$(inherited)",
				);
				GCC_PREPROCESSOR_DEFINITIONS = (
					"DEBUG=1",
					"$(inherited)",
				);
				INFOPLIST_FILE = ClassRosterTests/Info.plist;
				LD_RUNPATH_SEARCH_PATHS = "$(inherited) @executable_path/Frameworks @loader_path/Frameworks";
				PRODUCT_NAME = "$(TARGET_NAME)";
				TEST_HOST = "$(BUILT_PRODUCTS_DIR)/ClassRoster.app/ClassRoster";
			};
			name = Debug;
		};
		4B3C80B11A96E94900977FB2 /* Release */ = {
			isa = XCBuildConfiguration;
			buildSettings = {
				BUNDLE_LOADER = "$(TEST_HOST)";
				FRAMEWORK_SEARCH_PATHS = (
					"$(SDKROOT)/Developer/Library/Frameworks",
					"$(inherited)",
				);
				INFOPLIST_FILE = ClassRosterTests/Info.plist;
				LD_RUNPATH_SEARCH_PATHS = "$(inherited) @executable_path/Frameworks @loader_path/Frameworks";
				PRODUCT_NAME = "$(TARGET_NAME)";
				TEST_HOST = "$(BUILT_PRODUCTS_DIR)/ClassRoster.app/ClassRoster";
			};
			name = Release;
		};
/* End XCBuildConfiguration section */

/* Begin XCConfigurationList section */
		4B3C80881A96E94900977FB2 /* Build configuration list for PBXProject "ClassRoster" */ = {
			isa = XCConfigurationList;
			buildConfigurations = (
				4B3C80AA1A96E94900977FB2 /* Debug */,
				4B3C80AB1A96E94900977FB2 /* Release */,
			);
			defaultConfigurationIsVisible = 0;
			defaultConfigurationName = Release;
		};
		4B3C80AC1A96E94900977FB2 /* Build configuration list for PBXNativeTarget "ClassRoster" */ = {
			isa = XCConfigurationList;
			buildConfigurations = (
				4B3C80AD1A96E94900977FB2 /* Debug */,
				4B3C80AE1A96E94900977FB2 /* Release */,
			);
			defaultConfigurationIsVisible = 0;
			defaultConfigurationName = Release;
		};
		4B3C80AF1A96E94900977FB2 /* Build configuration list for PBXNativeTarget "ClassRosterTests" */ = {
			isa = XCConfigurationList;
			buildConfigurations = (
				4B3C80B01A96E94900977FB2 /* Debug */,
				4B3C80B11A96E94900977FB2 /* Release */,
			);
			defaultConfigurationIsVisible = 0;
			defaultConfigurationName = Release;
		};
/* End XCConfigurationList section */
	};
	rootObject = 4B3C80851A96E94900977FB2 /* Project object */;
}
